Microsoft Visual Studio Solution File, Format Version 11.00
# Visual Studio 2008

Project("{AD508C7F-8A73-383C-713E-E0EC5E41DFE6}") = "Hex-Map-Test-Proj", "Assembly-CSharp-vs.csproj", "{A52092A8-D086-B77C-6B68-1D3FA517C93F}"
EndProject
Global
	GlobalSection(SolutionConfigurationPlatforms) = preSolution
		Debug|Any CPU = Debug|Any CPU
		Release|Any CPU = Release|Any CPU
	EndGlobalSection
	GlobalSection(ProjectConfigurationPlatforms) = postSolution
		{A52092A8-D086-B77C-6B68-1D3FA517C93F}.Debug|Any CPU.ActiveCfg = Debug|Any CPU
		{A52092A8-D086-B77C-6B68-1D3FA517C93F}.Debug|Any CPU.Build.0 = Debug|Any CPU
		{A52092A8-D086-B77C-6B68-1D3FA517C93F}.Release|Any CPU.ActiveCfg = Release|Any CPU
		{A52092A8-D086-B77C-6B68-1D3FA517C93F}.Release|Any CPU.Build.0 = Release|Any CPU
	EndGlobalSection
	GlobalSection(SolutionProperties) = preSolution
		HideSolutionNode = FALSE
	EndGlobalSection
											GlobalSection(MonoDevelopProperties) = preSolution
		StartupItem = Assembly-CSharp.csproj
		Policies = $0
		$0.TextStylePolicy = $1
		$1.inheritsSet = null
		$1.scope = text/x-csharp
		$0.CSharpFormattingPolicy = $2
		$2.inheritsSet = Mono
		$2.inheritsScope = text/x-csharp
		$2.scope = text/x-csharp
		$0.TextStylePolicy = $3
		$3.FileWidth = 120
		$3.TabWidth = 4
		$3.IndentWidth = 4
		$3.EolMarker = Unix
		$3.inheritsSet = Mono
		$3.inheritsScope = text/plain
		$3.scope = text/plain
	EndGlobalSection

EndGlobal
